
Microsoft Visual Studio Solution File, Format Version 12.00
# Visual Studio Version 17
VisualStudioVersion = 17.10.35122.118
MinimumVisualStudioVersion = 10.0.40219.1
Project("{9A19103F-16F7-4668-BE54-9A1E7A4F7556}") = "OpenGLGame", "OpenGL\OpenGLGame.csproj", "{A82F0603-D9B4-42EB-906F-450538401490}"
EndProject
Project("{2150E333-8FDC-42A3-9474-1A3956D46DE8}") = "Solution Items", "Solution Items", "{77043AA4-CC2D-43DF-AE9B-BF04401E7E0C}"
	ProjectSection(SolutionItems) = preProject
		LICENSE.txt = LICENSE.txt
	EndProjectSection
EndProject
Global
	GlobalSection(SolutionConfigurationPlatforms) = preSolution
		Debug|Any CPU = Debug|Any CPU
		Release|Any CPU = Release|Any CPU
	EndGlobalSection
	GlobalSection(ProjectConfigurationPlatforms) = postSolution
		{A82F0603-D9B4-42EB-906F-450538401490}.Debug|Any CPU.ActiveCfg = Debug|Any CPU
		{A82F0603-D9B4-42EB-906F-450538401490}.Debug|Any CPU.Build.0 = Debug|Any CPU
		{A82F0603-D9B4-42EB-906F-450538401490}.Release|Any CPU.ActiveCfg = Release|Any CPU
		{A82F0603-D9B4-42EB-906F-450538401490}.Release|Any CPU.Build.0 = Release|Any CPU
	EndGlobalSection
	GlobalSection(SolutionProperties) = preSolution
		HideSolutionNode = FALSE
	EndGlobalSection
	GlobalSection(ExtensibilityGlobals) = postSolution
		SolutionGuid = {BF7256EB-9524-4C30-9A62-84BF8541B6E7}
	EndGlobalSection
EndGlobal
